
Microsoft Visual Studio Solution File, Format Version 12.00
# Visual Studio Version 17
VisualStudioVersion = 17.13.35818.85 d17.13
MinimumVisualStudioVersion = 10.0.40219.1
Project("{888888A0-9F3D-457C-B088-3A5042F75D52}") = "Dino Game", "Dino Game.pyproj", "{D50107A2-DF00-41E3-8794-C7F1BDAEAFCB}"
EndProject
Global
	GlobalSection(SolutionConfigurationPlatforms) = preSolution
		Debug|Any CPU = Debug|Any CPU
		Release|Any CPU = Release|Any CPU
	EndGlobalSection
	GlobalSection(ProjectConfigurationPlatforms) = postSolution
		{D50107A2-DF00-41E3-8794-C7F1BDAEAFCB}.Debug|Any CPU.ActiveCfg = Debug|Any CPU
		{D50107A2-DF00-41E3-8794-C7F1BDAEAFCB}.Release|Any CPU.ActiveCfg = Release|Any CPU
	EndGlobalSection
	GlobalSection(SolutionProperties) = preSolution
		HideSolutionNode = FALSE
	EndGlobalSection
	GlobalSection(ExtensibilityGlobals) = postSolution
		SolutionGuid = {5EA70B0B-F501-4F25-B401-67FD889F68B5}
	EndGlobalSection
EndGlobal
